
Microsoft Visual Studio Solution File, Format Version 12.00
# Visual Studio Version 16
VisualStudioVersion = 16.0.31320.298
MinimumVisualStudioVersion = 10.0.40219.1
Project("{9A19103F-16F7-4668-BE54-9A1E7A4F7556}") = "DevFitness.ConsoleApp", "DevFitness.ConsoleApp\DevFitness.ConsoleApp.csproj", "{93D27D54-3C57-4C2A-93DF-A55CB6A0F35E}"
EndProject
Project("{FAE04EC0-301F-11D3-BF4B-00C04F79EFBC}") = "DevFitness.API", "DevFitness.API\DevFitness.API.csproj", "{CABB1C32-A26E-4658-97B8-3D6E6493A235}"
EndProject
Global
	GlobalSection(SolutionConfigurationPlatforms) = preSolution
		Debug|Any CPU = Debug|Any CPU
		Release|Any CPU = Release|Any CPU
	EndGlobalSection
	GlobalSection(ProjectConfigurationPlatforms) = postSolution
		{93D27D54-3C57-4C2A-93DF-A55CB6A0F35E}.Debug|Any CPU.ActiveCfg = Debug|Any CPU
		{93D27D54-3C57-4C2A-93DF-A55CB6A0F35E}.Debug|Any CPU.Build.0 = Debug|Any CPU
		{93D27D54-3C57-4C2A-93DF-A55CB6A0F35E}.Release|Any CPU.ActiveCfg = Release|Any CPU
		{93D27D54-3C57-4C2A-93DF-A55CB6A0F35E}.Release|Any CPU.Build.0 = Release|Any CPU
		{CABB1C32-A26E-4658-97B8-3D6E6493A235}.Debug|Any CPU.ActiveCfg = Debug|Any CPU
		{CABB1C32-A26E-4658-97B8-3D6E6493A235}.Debug|Any CPU.Build.0 = Debug|Any CPU
		{CABB1C32-A26E-4658-97B8-3D6E6493A235}.Release|Any CPU.ActiveCfg = Release|Any CPU
		{CABB1C32-A26E-4658-97B8-3D6E6493A235}.Release|Any CPU.Build.0 = Release|Any CPU
	EndGlobalSection
	GlobalSection(SolutionProperties) = preSolution
		HideSolutionNode = FALSE
	EndGlobalSection
	GlobalSection(ExtensibilityGlobals) = postSolution
		SolutionGuid = {0C32E103-6342-4CB6-86E8-7DBDD9DB1916}
	EndGlobalSection
EndGlobal
